
Microsoft Visual Studio Solution File, Format Version 12.00
# Visual Studio 15
VisualStudioVersion = 15.0.27130.2010
MinimumVisualStudioVersion = 10.0.40219.1
Project("{9A19103F-16F7-4668-BE54-9A1E7A4F7556}") = "FluffySpoon.Automation.Web", "FluffySpoon.Automation.Web\FluffySpoon.Automation.Web.csproj", "{5DEA4C1A-3C5F-4C64-A133-EE327D5C5658}"
EndProject
Project("{FAE04EC0-301F-11D3-BF4B-00C04F79EFBC}") = "FluffySpoon.Automation.Web.Selenium", "FluffySpoon.Automation.Web.Selenium\FluffySpoon.Automation.Web.Selenium.csproj", "{D043EDB5-68F5-4385-B1CE-7E9ED070D9F5}"
EndProject
Project("{FAE04EC0-301F-11D3-BF4B-00C04F79EFBC}") = "FluffySpoon.Automation.Web.Sample", "FluffySpoon.Automation.Web.Sample\FluffySpoon.Automation.Web.Sample.csproj", "{C6CF7AEC-7244-4602-8790-9EF60CE91E74}"
EndProject
Project("{FAE04EC0-301F-11D3-BF4B-00C04F79EFBC}") = "FluffySpoon.Automation.Web.JQuery", "FluffySpoon.Automation.Web.JQuery\FluffySpoon.Automation.Web.JQuery.csproj", "{6CAAF0C5-0CC2-448B-8BD4-E8352B974608}"
EndProject
Global
	GlobalSection(SolutionConfigurationPlatforms) = preSolution
		Debug|Any CPU = Debug|Any CPU
		Release|Any CPU = Release|Any CPU
	EndGlobalSection
	GlobalSection(ProjectConfigurationPlatforms) = postSolution
		{5DEA4C1A-3C5F-4C64-A133-EE327D5C5658}.Debug|Any CPU.ActiveCfg = Debug|Any CPU
		{5DEA4C1A-3C5F-4C64-A133-EE327D5C5658}.Debug|Any CPU.Build.0 = Debug|Any CPU
		{5DEA4C1A-3C5F-4C64-A133-EE327D5C5658}.Release|Any CPU.ActiveCfg = Release|Any CPU
		{5DEA4C1A-3C5F-4C64-A133-EE327D5C5658}.Release|Any CPU.Build.0 = Release|Any CPU
		{D043EDB5-68F5-4385-B1CE-7E9ED070D9F5}.Debug|Any CPU.ActiveCfg = Debug|Any CPU
		{D043EDB5-68F5-4385-B1CE-7E9ED070D9F5}.Debug|Any CPU.Build.0 = Debug|Any CPU
		{D043EDB5-68F5-4385-B1CE-7E9ED070D9F5}.Release|Any CPU.ActiveCfg = Release|Any CPU
		{D043EDB5-68F5-4385-B1CE-7E9ED070D9F5}.Release|Any CPU.Build.0 = Release|Any CPU
		{C6CF7AEC-7244-4602-8790-9EF60CE91E74}.Debug|Any CPU.ActiveCfg = Debug|Any CPU
		{C6CF7AEC-7244-4602-8790-9EF60CE91E74}.Debug|Any CPU.Build.0 = Debug|Any CPU
		{C6CF7AEC-7244-4602-8790-9EF60CE91E74}.Release|Any CPU.ActiveCfg = Release|Any CPU
		{C6CF7AEC-7244-4602-8790-9EF60CE91E74}.Release|Any CPU.Build.0 = Release|Any CPU
		{6CAAF0C5-0CC2-448B-8BD4-E8352B974608}.Debug|Any CPU.ActiveCfg = Debug|Any CPU
		{6CAAF0C5-0CC2-448B-8BD4-E8352B974608}.Debug|Any CPU.Build.0 = Debug|Any CPU
		{6CAAF0C5-0CC2-448B-8BD4-E8352B974608}.Release|Any CPU.ActiveCfg = Release|Any CPU
		{6CAAF0C5-0CC2-448B-8BD4-E8352B974608}.Release|Any CPU.Build.0 = Release|Any CPU
	EndGlobalSection
	GlobalSection(SolutionProperties) = preSolution
		HideSolutionNode = FALSE
	EndGlobalSection
	GlobalSection(ExtensibilityGlobals) = postSolution
		SolutionGuid = {9CCE18C8-8AE3-4E12-B9ED-1FF5B47F8AF5}
	EndGlobalSection
EndGlobal
